
Microsoft Visual Studio Solution File, Format Version 12.00
# Visual Studio 14
VisualStudioVersion = 14.0.23107.0
MinimumVisualStudioVersion = 10.0.40219.1
Project("{FAE04EC0-301F-11D3-BF4B-00C04F79EFBC}") = "WebApi.Toolkit", "WebApi.Toolkit\WebApi.Toolkit.csproj", "{8B22A7BD-7113-478B-8B50-4372235C7564}"
EndProject
Project("{FAE04EC0-301F-11D3-BF4B-00C04F79EFBC}") = "WebApi.Toolkit.Tests", "WebApi.Toolkit.Tests\WebApi.Toolkit.Tests.csproj", "{852B56FB-F492-467E-BD0A-697525FB9AC7}"
EndProject
Project("{2150E333-8FDC-42A3-9474-1A3956D46DE8}") = "root", "root", "{F6FCE4C9-8D1F-47E0-93A4-55174F936D38}"
	ProjectSection(SolutionItems) = preProject
		.gitignore = .gitignore
		appveyor.yml = appveyor.yml
		LICENSE = LICENSE
		README.md = README.md
	EndProjectSection
EndProject
Global
	GlobalSection(SolutionConfigurationPlatforms) = preSolution
		Debug|Any CPU = Debug|Any CPU
		Release|Any CPU = Release|Any CPU
	EndGlobalSection
	GlobalSection(ProjectConfigurationPlatforms) = postSolution
		{8B22A7BD-7113-478B-8B50-4372235C7564}.Debug|Any CPU.ActiveCfg = Debug|Any CPU
		{8B22A7BD-7113-478B-8B50-4372235C7564}.Debug|Any CPU.Build.0 = Debug|Any CPU
		{8B22A7BD-7113-478B-8B50-4372235C7564}.Release|Any CPU.ActiveCfg = Release|Any CPU
		{8B22A7BD-7113-478B-8B50-4372235C7564}.Release|Any CPU.Build.0 = Release|Any CPU
		{852B56FB-F492-467E-BD0A-697525FB9AC7}.Debug|Any CPU.ActiveCfg = Debug|Any CPU
		{852B56FB-F492-467E-BD0A-697525FB9AC7}.Debug|Any CPU.Build.0 = Debug|Any CPU
		{852B56FB-F492-467E-BD0A-697525FB9AC7}.Release|Any CPU.ActiveCfg = Release|Any CPU
		{852B56FB-F492-467E-BD0A-697525FB9AC7}.Release|Any CPU.Build.0 = Release|Any CPU
	EndGlobalSection
	GlobalSection(SolutionProperties) = preSolution
		HideSolutionNode = FALSE
	EndGlobalSection
EndGlobal
